
Microsoft Visual Studio Solution File, Format Version 12.00
# Visual Studio Version 16
VisualStudioVersion = 16.0.32802.440
MinimumVisualStudioVersion = 10.0.40219.1
Project("{FAE04EC0-301F-11D3-BF4B-00C04F79EFBC}") = "TCP_Server", "TCP_Server\TCP_Server.csproj", "{21409991-A3A3-4D59-AEDA-DFEC06AF9D57}"
EndProject
Project("{FAE04EC0-301F-11D3-BF4B-00C04F79EFBC}") = "TCP_Client", "TCP_Client\TCP_Client.csproj", "{8638908A-A35C-4EE7-B55C-DBABD70A9460}"
EndProject
Global
	GlobalSection(SolutionConfigurationPlatforms) = preSolution
		Debug|Any CPU = Debug|Any CPU
		Release|Any CPU = Release|Any CPU
	EndGlobalSection
	GlobalSection(ProjectConfigurationPlatforms) = postSolution
		{21409991-A3A3-4D59-AEDA-DFEC06AF9D57}.Debug|Any CPU.ActiveCfg = Debug|Any CPU
		{21409991-A3A3-4D59-AEDA-DFEC06AF9D57}.Debug|Any CPU.Build.0 = Debug|Any CPU
		{21409991-A3A3-4D59-AEDA-DFEC06AF9D57}.Release|Any CPU.ActiveCfg = Release|Any CPU
		{21409991-A3A3-4D59-AEDA-DFEC06AF9D57}.Release|Any CPU.Build.0 = Release|Any CPU
		{8638908A-A35C-4EE7-B55C-DBABD70A9460}.Debug|Any CPU.ActiveCfg = Debug|Any CPU
		{8638908A-A35C-4EE7-B55C-DBABD70A9460}.Debug|Any CPU.Build.0 = Debug|Any CPU
		{8638908A-A35C-4EE7-B55C-DBABD70A9460}.Release|Any CPU.ActiveCfg = Release|Any CPU
		{8638908A-A35C-4EE7-B55C-DBABD70A9460}.Release|Any CPU.Build.0 = Release|Any CPU
	EndGlobalSection
	GlobalSection(SolutionProperties) = preSolution
		HideSolutionNode = FALSE
	EndGlobalSection
	GlobalSection(ExtensibilityGlobals) = postSolution
		SolutionGuid = {B73AC065-6987-4891-A693-5F36970C2EF8}
	EndGlobalSection
EndGlobal
